# This file is automatically @generated by Cargo.
# It is not intended for manual editing.
version = 3

[[package]]
name = "leetcode"
version = "0.1.0"
dependencies = [
 "unionfind",
]

[[package]]
name = "unionfind"
version = "0.1.0"
source = "git+https://github.com/ZhengjunHUO/rust-playground.git?rev=584e9e4#584e9e4ddb9dc095faad75c9848af0a290df7099"
